PODS:
  - AudioKit (4.5.4):
    - AudioKit/Core (= 4.5.4)
    - AudioKit/UI (= 4.5.4)
  - AudioKit/Core (4.5.4)
  - AudioKit/UI (4.5.4):
    - AudioKit/Core

DEPENDENCIES:
  - AudioKit

SPEC REPOS:
  https://github.com/cocoapods/specs.git:
    - AudioKit

SPEC CHECKSUMS:
  AudioKit: af3f5b73e22f85f3cd03076fea8afbb9658f0938

PODFILE CHECKSUM: 15d6ee9ea7b3df2aca92ef604f30095cd724f5ff

COCOAPODS: 1.6.0.beta.1
