// !$*UTF8*$!
{
	archiveVersion = 1;
	classes = {
	};
	objectVersion = 46;
	objects = {

/* Begin PBXBuildFile section */
		34F4889A205D76C600486A05 /* AudioKit.framework in Frameworks */ = {isa = PBXBuildFile; fileRef = 34F48898205D76C600486A05 /* AudioKit.framework */; };
		34F4889B205D76C600486A05 /* AudioKitUI.framework in Frameworks */ = {isa = PBXBuildFile; fileRef = 34F48899205D76C600486A05 /* AudioKitUI.framework */; };
		940FC29D1FDCD5CC00131899 /* PingPongDelay.swift in Sources */ = {isa = PBXBuildFile; fileRef = 940FC29C1FDCD5CB00131899 /* PingPongDelay.swift */; };
		943017941F23DE4600A302B2 /* Double+Extensions.swift in Sources */ = {isa = PBXBuildFile; fileRef = 9430178E1F23DE4600A302B2 /* Double+Extensions.swift */; };
		9431F63C1F82CF11000A1718 /* PresetCell.swift in Sources */ = {isa = PBXBuildFile; fileRef = 9431F63B1F82CF11000A1718 /* PresetCell.swift */; };
		9431F6471F82CF52000A1718 /* Fatten.swift in Sources */ = {isa = PBXBuildFile; fileRef = 9431F6421F82CF52000A1718 /* Fatten.swift */; };
		9431F6491F82CF52000A1718 /* FilterSection.swift in Sources */ = {isa = PBXBuildFile; fileRef = 9431F6441F82CF52000A1718 /* FilterSection.swift */; };
		9431F64A1F82CF52000A1718 /* Conductor.swift in Sources */ = {isa = PBXBuildFile; fileRef = 9431F6451F82CF52000A1718 /* Conductor.swift */; };
		944156D61F2121CC00C139B9 /* AppDelegate.swift in Sources */ = {isa = PBXBuildFile; fileRef = 944156D51F2121CC00C139B9 /* AppDelegate.swift */; };
		944156DB1F2121CC00C139B9 /* Main.storyboard in Resources */ = {isa = PBXBuildFile; fileRef = 944156D91F2121CC00C139B9 /* Main.storyboard */; };
		944156DD1F2121CC00C139B9 /* Assets.xcassets in Resources */ = {isa = PBXBuildFile; fileRef = 944156DC1F2121CC00C139B9 /* Assets.xcassets */; };
		944F91081F7B03F300CB4A85 /* AutoPan.swift in Sources */ = {isa = PBXBuildFile; fileRef = 944F91071F7B03F300CB4A85 /* AutoPan.swift */; };
		9466DA291F76F4BA00E8B0E9 /* Sounds in Resources */ = {isa = PBXBuildFile; fileRef = 9466DA281F76F4B700E8B0E9 /* Sounds */; };
		947B45651F82D3D6009F2B7A /* SynthKeyboard.swift in Sources */ = {isa = PBXBuildFile; fileRef = 9431F64E1F82CF9E000A1718 /* SynthKeyboard.swift */; };
		947B45661F82D3D9009F2B7A /* ButtonStyleKit.swift in Sources */ = {isa = PBXBuildFile; fileRef = 9431F6511F82D034000A1718 /* ButtonStyleKit.swift */; };
		947B45671F82D3D9009F2B7A /* FlatToggleStyleKit.swift in Sources */ = {isa = PBXBuildFile; fileRef = 9431F6551F82D034000A1718 /* FlatToggleStyleKit.swift */; };
		947B45681F82D3D9009F2B7A /* LedButton.swift in Sources */ = {isa = PBXBuildFile; fileRef = 9431F6541F82D034000A1718 /* LedButton.swift */; };
		947B45691F82D3D9009F2B7A /* LedToggleStyleKit.swift in Sources */ = {isa = PBXBuildFile; fileRef = 9431F6571F82D035000A1718 /* LedToggleStyleKit.swift */; };
		947B456A1F82D3D9009F2B7A /* RadioButton.swift in Sources */ = {isa = PBXBuildFile; fileRef = 9431F6531F82D034000A1718 /* RadioButton.swift */; };
		947B456B1F82D3D9009F2B7A /* Stepper.swift in Sources */ = {isa = PBXBuildFile; fileRef = 9431F6561F82D034000A1718 /* Stepper.swift */; };
		947B456C1F82D3D9009F2B7A /* StepperStyleKit.swift in Sources */ = {isa = PBXBuildFile; fileRef = 9431F64F1F82D034000A1718 /* StepperStyleKit.swift */; };
		947B456D1F82D3D9009F2B7A /* SynthUIButton.swift in Sources */ = {isa = PBXBuildFile; fileRef = 9431F6501F82D034000A1718 /* SynthUIButton.swift */; };
		947B456E1F82D3D9009F2B7A /* ToggleButton.swift in Sources */ = {isa = PBXBuildFile; fileRef = 9431F6521F82D034000A1718 /* ToggleButton.swift */; };
		947B45701F82D3DD009F2B7A /* FlatKnob.swift in Sources */ = {isa = PBXBuildFile; fileRef = 9431F65C1F82D0EB000A1718 /* FlatKnob.swift */; };
		947B45711F82D3DD009F2B7A /* FlatKnobStyleKit.swift in Sources */ = {isa = PBXBuildFile; fileRef = 9431F65E1F82D0EB000A1718 /* FlatKnobStyleKit.swift */; };
		947B45721F82D3DD009F2B7A /* Knob.swift in Sources */ = {isa = PBXBuildFile; fileRef = 9431F6591F82D0EB000A1718 /* Knob.swift */; };
		947B45731F82D3DD009F2B7A /* Knob+Touches.swift in Sources */ = {isa = PBXBuildFile; fileRef = 9431F6581F82D0EB000A1718 /* Knob+Touches.swift */; };
		947B45751F82D3DD009F2B7A /* KnobStyleKit2.swift in Sources */ = {isa = PBXBuildFile; fileRef = 9431F65A1F82D0EB000A1718 /* KnobStyleKit2.swift */; };
		947B45761F82D3EA009F2B7A /* AUMainController.swift in Sources */ = {isa = PBXBuildFile; fileRef = 9431F63D1F82CF24000A1718 /* AUMainController.swift */; };
		947B45771F82D3EA009F2B7A /* AboutViewController.swift in Sources */ = {isa = PBXBuildFile; fileRef = 9431F6401F82CF24000A1718 /* AboutViewController.swift */; };
		947B45781F82D3EA009F2B7A /* ParentViewController.swift in Sources */ = {isa = PBXBuildFile; fileRef = 9431F63F1F82CF24000A1718 /* ParentViewController.swift */; };
		947B45791F82D3F1009F2B7A /* PopUpKeySettingsController.swift in Sources */ = {isa = PBXBuildFile; fileRef = 9431F63E1F82CF24000A1718 /* PopUpKeySettingsController.swift */; };
		947B457A1F82D3F1009F2B7A /* PopUpPresetController.swift in Sources */ = {isa = PBXBuildFile; fileRef = 9431F6411F82CF24000A1718 /* PopUpPresetController.swift */; };
		949652841F86A68400F391E3 /* UrlButton.swift in Sources */ = {isa = PBXBuildFile; fileRef = 949652831F86A68400F391E3 /* UrlButton.swift */; };
		949B28281F869FA100EFB0D4 /* TopUIButtonStyleKit.swift in Sources */ = {isa = PBXBuildFile; fileRef = 949B28271F869FA000EFB0D4 /* TopUIButtonStyleKit.swift */; };
		94BAFC011F9D9020004212E1 /* MIDIButton.swift in Sources */ = {isa = PBXBuildFile; fileRef = 94BAFC001F9D901F004212E1 /* MIDIButton.swift */; };
		94BAFC031F9D902D004212E1 /* MIDIKnob.swift in Sources */ = {isa = PBXBuildFile; fileRef = 94BAFC021F9D902D004212E1 /* MIDIKnob.swift */; };
		94BAFC051F9D9039004212E1 /* MIDILearnable.swift in Sources */ = {isa = PBXBuildFile; fileRef = 94BAFC041F9D9039004212E1 /* MIDILearnable.swift */; };
		94C6CC2D1F840CFE0043BA5E /* ViewController+DisplayAlert.swift in Sources */ = {isa = PBXBuildFile; fileRef = 94C6CC2C1F840CFD0043BA5E /* ViewController+DisplayAlert.swift */; };
		94C6CC2F1F840FD20043BA5E /* TopUIButton.swift in Sources */ = {isa = PBXBuildFile; fileRef = 94C6CC2E1F840FD20043BA5E /* TopUIButton.swift */; };
		94DC03591F9D634C006AFBDE /* PopUpMIDIController.swift in Sources */ = {isa = PBXBuildFile; fileRef = 94DC03581F9D634B006AFBDE /* PopUpMIDIController.swift */; };
/* End PBXBuildFile section */

/* Begin PBXCopyFilesBuildPhase section */
		94BB31421F75B12600912D74 /* Embed Frameworks */ = {
			isa = PBXCopyFilesBuildPhase;
			buildActionMask = 2147483647;
			dstPath = "";
			dstSubfolderSpec = 10;
			files = (
			);
			name = "Embed Frameworks";
			runOnlyForDeploymentPostprocessing = 0;
		};
/* End PBXCopyFilesBuildPhase section */

/* Begin PBXFileReference section */
		34F48898205D76C600486A05 /* AudioKit.framework */ = {isa = PBXFileReference; lastKnownFileType = wrapper.framework; name = AudioKit.framework; path = "../AudioKit/Frameworks/AudioKit-iOS/AudioKit.framework"; sourceTree = "<group>"; };
		34F48899205D76C600486A05 /* AudioKitUI.framework */ = {isa = PBXFileReference; lastKnownFileType = wrapper.framework; name = AudioKitUI.framework; path = "../AudioKit/Frameworks/AudioKit-iOS/AudioKitUI.framework"; sourceTree = "<group>"; };
		940FC29C1FDCD5CB00131899 /* PingPongDelay.swift */ = {isa = PBXFileReference; fileEncoding = 4; lastKnownFileType = sourcecode.swift; path = PingPongDelay.swift; sourceTree = "<group>"; };
		9430178E1F23DE4600A302B2 /* Double+Extensions.swift */ = {isa = PBXFileReference; fileEncoding = 4; lastKnownFileType = sourcecode.swift; path = "Double+Extensions.swift"; sourceTree = "<group>"; };
		9431F63B1F82CF11000A1718 /* PresetCell.swift */ = {isa = PBXFileReference; lastKnownFileType = sourcecode.swift; name = PresetCell.swift; path = Cells/PresetCell.swift; sourceTree = "<group>"; };
		9431F63D1F82CF24000A1718 /* AUMainController.swift */ = {isa = PBXFileReference; lastKnownFileType = sourcecode.swift; name = AUMainController.swift; path = Controllers/AUMainController.swift; sourceTree = "<group>"; };
		9431F63E1F82CF24000A1718 /* PopUpKeySettingsController.swift */ = {isa = PBXFileReference; lastKnownFileType = sourcecode.swift; path = PopUpKeySettingsController.swift; sourceTree = "<group>"; };
		9431F63F1F82CF24000A1718 /* ParentViewController.swift */ = {isa = PBXFileReference; lastKnownFileType = sourcecode.swift; name = ParentViewController.swift; path = Controllers/ParentViewController.swift; sourceTree = "<group>"; };
		9431F6401F82CF24000A1718 /* AboutViewController.swift */ = {isa = PBXFileReference; lastKnownFileType = sourcecode.swift; path = AboutViewController.swift; sourceTree = "<group>"; };
		9431F6411F82CF24000A1718 /* PopUpPresetController.swift */ = {isa = PBXFileReference; lastKnownFileType = sourcecode.swift; path = PopUpPresetController.swift; sourceTree = "<group>"; };
		9431F6421F82CF52000A1718 /* Fatten.swift */ = {isa = PBXFileReference; lastKnownFileType = sourcecode.swift; path = Fatten.swift; sourceTree = "<group>"; };
		9431F6441F82CF52000A1718 /* FilterSection.swift */ = {isa = PBXFileReference; lastKnownFileType = sourcecode.swift; path = FilterSection.swift; sourceTree = "<group>"; };
		9431F6451F82CF52000A1718 /* Conductor.swift */ = {isa = PBXFileReference; lastKnownFileType = sourcecode.swift; path = Conductor.swift; sourceTree = "<group>"; };
		9431F64E1F82CF9E000A1718 /* SynthKeyboard.swift */ = {isa = PBXFileReference; lastKnownFileType = sourcecode.swift; name = SynthKeyboard.swift; path = RomPlayer/Controls/SynthKeyboard.swift; sourceTree = "<group>"; };
		9431F64F1F82D034000A1718 /* StepperStyleKit.swift */ = {isa = PBXFileReference; lastKnownFileType = sourcecode.swift; name = StepperStyleKit.swift; path = RomPlayer/Controls/Buttons/StepperStyleKit.swift; sourceTree = "<group>"; };
		9431F6501F82D034000A1718 /* SynthUIButton.swift */ = {isa = PBXFileReference; lastKnownFileType = sourcecode.swift; name = SynthUIButton.swift; path = RomPlayer/Controls/Buttons/SynthUIButton.swift; sourceTree = "<group>"; };
		9431F6511F82D034000A1718 /* ButtonStyleKit.swift */ = {isa = PBXFileReference; lastKnownFileType = sourcecode.swift; name = ButtonStyleKit.swift; path = RomPlayer/Controls/Buttons/ButtonStyleKit.swift; sourceTree = "<group>"; };
		9431F6521F82D034000A1718 /* ToggleButton.swift */ = {isa = PBXFileReference; lastKnownFileType = sourcecode.swift; name = ToggleButton.swift; path = RomPlayer/Controls/Buttons/ToggleButton.swift; sourceTree = "<group>"; };
		9431F6531F82D034000A1718 /* RadioButton.swift */ = {isa = PBXFileReference; lastKnownFileType = sourcecode.swift; name = RadioButton.swift; path = RomPlayer/Controls/Buttons/RadioButton.swift; sourceTree = "<group>"; };
		9431F6541F82D034000A1718 /* LedButton.swift */ = {isa = PBXFileReference; lastKnownFileType = sourcecode.swift; name = LedButton.swift; path = RomPlayer/Controls/Buttons/LedButton.swift; sourceTree = "<group>"; };
		9431F6551F82D034000A1718 /* FlatToggleStyleKit.swift */ = {isa = PBXFileReference; lastKnownFileType = sourcecode.swift; name = FlatToggleStyleKit.swift; path = RomPlayer/Controls/Buttons/FlatToggleStyleKit.swift; sourceTree = "<group>"; };
		9431F6561F82D034000A1718 /* Stepper.swift */ = {isa = PBXFileReference; lastKnownFileType = sourcecode.swift; name = Stepper.swift; path = RomPlayer/Controls/Buttons/Stepper.swift; sourceTree = "<group>"; };
		9431F6571F82D035000A1718 /* LedToggleStyleKit.swift */ = {isa = PBXFileReference; lastKnownFileType = sourcecode.swift; name = LedToggleStyleKit.swift; path = RomPlayer/Controls/Buttons/LedToggleStyleKit.swift; sourceTree = "<group>"; };
		9431F6581F82D0EB000A1718 /* Knob+Touches.swift */ = {isa = PBXFileReference; lastKnownFileType = sourcecode.swift; name = "Knob+Touches.swift"; path = "RomPlayer/Controls/Knobs/Knob+Touches.swift"; sourceTree = "<group>"; };
		9431F6591F82D0EB000A1718 /* Knob.swift */ = {isa = PBXFileReference; lastKnownFileType = sourcecode.swift; name = Knob.swift; path = RomPlayer/Controls/Knobs/Knob.swift; sourceTree = "<group>"; };
		9431F65A1F82D0EB000A1718 /* KnobStyleKit2.swift */ = {isa = PBXFileReference; lastKnownFileType = sourcecode.swift; name = KnobStyleKit2.swift; path = RomPlayer/Controls/Knobs/KnobStyleKit2.swift; sourceTree = "<group>"; };
		9431F65C1F82D0EB000A1718 /* FlatKnob.swift */ = {isa = PBXFileReference; lastKnownFileType = sourcecode.swift; name = FlatKnob.swift; path = RomPlayer/Controls/Knobs/FlatKnob.swift; sourceTree = "<group>"; };
		9431F65E1F82D0EB000A1718 /* FlatKnobStyleKit.swift */ = {isa = PBXFileReference; lastKnownFileType = sourcecode.swift; name = FlatKnobStyleKit.swift; path = RomPlayer/Controls/Knobs/FlatKnobStyleKit.swift; sourceTree = "<group>"; };
		944156D21F2121CC00C139B9 /* RomPlayer.app */ = {isa = PBXFileReference; explicitFileType = wrapper.application; includeInIndex = 0; path = RomPlayer.app; sourceTree = BUILT_PRODUCTS_DIR; };
		944156D51F2121CC00C139B9 /* AppDelegate.swift */ = {isa = PBXFileReference; lastKnownFileType = sourcecode.swift; path = AppDelegate.swift; sourceTree = "<group>"; };
		944156DA1F2121CC00C139B9 /* Base */ = {isa = PBXFileReference; lastKnownFileType = file.storyboard; name = Base; path = Base.lproj/Main.storyboard; sourceTree = "<group>"; };
		944156DC1F2121CC00C139B9 /* Assets.xcassets */ = {isa = PBXFileReference; lastKnownFileType = folder.assetcatalog; path = Assets.xcassets; sourceTree = "<group>"; };
		944156E11F2121CC00C139B9 /* Info.plist */ = {isa = PBXFileReference; lastKnownFileType = text.plist.xml; path = Info.plist; sourceTree = "<group>"; };
		944F91071F7B03F300CB4A85 /* AutoPan.swift */ = {isa = PBXFileReference; lastKnownFileType = sourcecode.swift; name = AutoPan.swift; path = RomPlayer/AudioSystem/AutoPan.swift; sourceTree = SOURCE_ROOT; };
		9466DA281F76F4B700E8B0E9 /* Sounds */ = {isa = PBXFileReference; lastKnownFileType = folder; path = Sounds; sourceTree = "<group>"; };
		949652831F86A68400F391E3 /* UrlButton.swift */ = {isa = PBXFileReference; lastKnownFileType = sourcecode.swift; name = UrlButton.swift; path = RomPlayer/Controls/Buttons/UrlButton.swift; sourceTree = "<group>"; };
		949B28271F869FA000EFB0D4 /* TopUIButtonStyleKit.swift */ = {isa = PBXFileReference; lastKnownFileType = sourcecode.swift; name = TopUIButtonStyleKit.swift; path = RomPlayer/Controls/Buttons/TopUIButtonStyleKit.swift; sourceTree = "<group>"; };
		94BAFC001F9D901F004212E1 /* MIDIButton.swift */ = {isa = PBXFileReference; fileEncoding = 4; lastKnownFileType = sourcecode.swift; name = MIDIButton.swift; path = RomPlayer/Controls/Buttons/MIDIButton.swift; sourceTree = "<group>"; };
		94BAFC021F9D902D004212E1 /* MIDIKnob.swift */ = {isa = PBXFileReference; fileEncoding = 4; lastKnownFileType = sourcecode.swift; name = MIDIKnob.swift; path = RomPlayer/Controls/Knobs/MIDIKnob.swift; sourceTree = "<group>"; };
		94BAFC041F9D9039004212E1 /* MIDILearnable.swift */ = {isa = PBXFileReference; fileEncoding = 4; lastKnownFileType = sourcecode.swift; name = MIDILearnable.swift; path = RomPlayer/Controls/MIDILearnable.swift; sourceTree = "<group>"; };
		94BBE7161F7DDB45005E33CE /* RomPlayer.entitlements */ = {isa = PBXFileReference; lastKnownFileType = text.plist.entitlements; path = RomPlayer.entitlements; sourceTree = "<group>"; };
		94C6CC2C1F840CFD0043BA5E /* ViewController+DisplayAlert.swift */ = {isa = PBXFileReference; lastKnownFileType = sourcecode.swift; path = "ViewController+DisplayAlert.swift"; sourceTree = "<group>"; };
		94C6CC2E1F840FD20043BA5E /* TopUIButton.swift */ = {isa = PBXFileReference; lastKnownFileType = sourcecode.swift; name = TopUIButton.swift; path = RomPlayer/Controls/Buttons/TopUIButton.swift; sourceTree = "<group>"; };
		94DC03581F9D634B006AFBDE /* PopUpMIDIController.swift */ = {isa = PBXFileReference; fileEncoding = 4; lastKnownFileType = sourcecode.swift; path = PopUpMIDIController.swift; sourceTree = "<group>"; };
/* End PBXFileReference section */

/* Begin PBXFrameworksBuildPhase section */
		944156CF1F2121CC00C139B9 /* Frameworks */ = {
			isa = PBXFrameworksBuildPhase;
			buildActionMask = 2147483647;
			files = (
				34F4889A205D76C600486A05 /* AudioKit.framework in Frameworks */,
				34F4889B205D76C600486A05 /* AudioKitUI.framework in Frameworks */,
			);
			runOnlyForDeploymentPostprocessing = 0;
		};
/* End PBXFrameworksBuildPhase section */

/* Begin PBXGroup section */
		941373651F7F239500A0B7C6 /* Cells */ = {
			isa = PBXGroup;
			children = (
				9431F63B1F82CF11000A1718 /* PresetCell.swift */,
			);
			name = Cells;
			sourceTree = "<group>";
		};
		9430178A1F23DE0E00A302B2 /* ViewControllers */ = {
			isa = PBXGroup;
			children = (
				9431F63D1F82CF24000A1718 /* AUMainController.swift */,
				9431F63F1F82CF24000A1718 /* ParentViewController.swift */,
			);
			name = ViewControllers;
			sourceTree = "<group>";
		};
		9430178B1F23DE2100A302B2 /* Storyboard */ = {
			isa = PBXGroup;
			children = (
				944156D91F2121CC00C139B9 /* Main.storyboard */,
			);
			name = Storyboard;
			sourceTree = "<group>";
		};
		9430178C1F23DE4600A302B2 /* Extensions */ = {
			isa = PBXGroup;
			children = (
				9430178E1F23DE4600A302B2 /* Double+Extensions.swift */,
				94C6CC2C1F840CFD0043BA5E /* ViewController+DisplayAlert.swift */,
			);
			path = Extensions;
			sourceTree = "<group>";
		};
		9431F65F1F82D0FE000A1718 /* PopUpControllers */ = {
			isa = PBXGroup;
			children = (
				9431F6401F82CF24000A1718 /* AboutViewController.swift */,
				9431F63E1F82CF24000A1718 /* PopUpKeySettingsController.swift */,
				94DC03581F9D634B006AFBDE /* PopUpMIDIController.swift */,
				9431F6411F82CF24000A1718 /* PopUpPresetController.swift */,
			);
			path = PopUpControllers;
			sourceTree = "<group>";
		};
		944156C91F2121CC00C139B9 = {
			isa = PBXGroup;
			children = (
				944156D41F2121CC00C139B9 /* RomPlayer */,
				944156D31F2121CC00C139B9 /* Products */,
				E637669B376BFBAC1CF46E9C /* Frameworks */,
			);
			sourceTree = "<group>";
		};
		944156D31F2121CC00C139B9 /* Products */ = {
			isa = PBXGroup;
			children = (
				944156D21F2121CC00C139B9 /* RomPlayer.app */,
			);
			name = Products;
			sourceTree = "<group>";
		};
		944156D41F2121CC00C139B9 /* RomPlayer */ = {
			isa = PBXGroup;
			children = (
				94BBE7161F7DDB45005E33CE /* RomPlayer.entitlements */,
				944F90F91F7ADA4200CB4A85 /* AudioSystem */,
				941373651F7F239500A0B7C6 /* Cells */,
				94FE538D1F23E28E00B3E7BA /* CustomControls */,
				9430178A1F23DE0E00A302B2 /* ViewControllers */,
				9430178C1F23DE4600A302B2 /* Extensions */,
				9431F65F1F82D0FE000A1718 /* PopUpControllers */,
				9430178B1F23DE2100A302B2 /* Storyboard */,
				9466DA281F76F4B700E8B0E9 /* Sounds */,
				944156D51F2121CC00C139B9 /* AppDelegate.swift */,
				944156DC1F2121CC00C139B9 /* Assets.xcassets */,
				944156E11F2121CC00C139B9 /* Info.plist */,
			);
			path = RomPlayer;
			sourceTree = "<group>";
		};
		944156EB1F21253400C139B9 /* Knobs */ = {
			isa = PBXGroup;
			children = (
				9431F65C1F82D0EB000A1718 /* FlatKnob.swift */,
				9431F65E1F82D0EB000A1718 /* FlatKnobStyleKit.swift */,
				9431F6591F82D0EB000A1718 /* Knob.swift */,
				9431F6581F82D0EB000A1718 /* Knob+Touches.swift */,
				9431F65A1F82D0EB000A1718 /* KnobStyleKit2.swift */,
				94BAFC021F9D902D004212E1 /* MIDIKnob.swift */,
			);
			name = Knobs;
			sourceTree = "<group>";
		};
		944F90F91F7ADA4200CB4A85 /* AudioSystem */ = {
			isa = PBXGroup;
			children = (
				944F91071F7B03F300CB4A85 /* AutoPan.swift */,
				9431F6451F82CF52000A1718 /* Conductor.swift */,
				9431F6421F82CF52000A1718 /* Fatten.swift */,
				9431F6441F82CF52000A1718 /* FilterSection.swift */,
				940FC29C1FDCD5CB00131899 /* PingPongDelay.swift */,
			);
			path = AudioSystem;
			sourceTree = "<group>";
		};
		94B3A7821F9C16F500D3B7B3 /* Protocols */ = {
			isa = PBXGroup;
			children = (
				94BAFC041F9D9039004212E1 /* MIDILearnable.swift */,
			);
			name = Protocols;
			sourceTree = "<group>";
		};
		94FE538D1F23E28E00B3E7BA /* CustomControls */ = {
			isa = PBXGroup;
			children = (
				9431F64E1F82CF9E000A1718 /* SynthKeyboard.swift */,
				94FE538F1F23F33500B3E7BA /* Buttons */,
				944156EB1F21253400C139B9 /* Knobs */,
				94B3A7821F9C16F500D3B7B3 /* Protocols */,
			);
			name = CustomControls;
			path = ..;
			sourceTree = "<group>";
		};
		94FE538F1F23F33500B3E7BA /* Buttons */ = {
			isa = PBXGroup;
			children = (
				9431F6511F82D034000A1718 /* ButtonStyleKit.swift */,
				9431F6551F82D034000A1718 /* FlatToggleStyleKit.swift */,
				9431F6541F82D034000A1718 /* LedButton.swift */,
				9431F6571F82D035000A1718 /* LedToggleStyleKit.swift */,
				94BAFC001F9D901F004212E1 /* MIDIButton.swift */,
				9431F6531F82D034000A1718 /* RadioButton.swift */,
				9431F6561F82D034000A1718 /* Stepper.swift */,
				9431F64F1F82D034000A1718 /* StepperStyleKit.swift */,
				9431F6501F82D034000A1718 /* SynthUIButton.swift */,
				9431F6521F82D034000A1718 /* ToggleButton.swift */,
				94C6CC2E1F840FD20043BA5E /* TopUIButton.swift */,
				949B28271F869FA000EFB0D4 /* TopUIButtonStyleKit.swift */,
				949652831F86A68400F391E3 /* UrlButton.swift */,
			);
			name = Buttons;
			sourceTree = "<group>";
		};
		E637669B376BFBAC1CF46E9C /* Frameworks */ = {
			isa = PBXGroup;
			children = (
				34F48898205D76C600486A05 /* AudioKit.framework */,
				34F48899205D76C600486A05 /* AudioKitUI.framework */,
			);
			name = Frameworks;
			sourceTree = "<group>";
		};
/* End PBXGroup section */

/* Begin PBXNativeTarget section */
		944156D11F2121CC00C139B9 /* RomPlayer */ = {
			isa = PBXNativeTarget;
			buildConfigurationList = 944156E41F2121CC00C139B9 /* Build configuration list for PBXNativeTarget "RomPlayer" */;
			buildPhases = (
				944156CE1F2121CC00C139B9 /* Sources */,
				944156CF1F2121CC00C139B9 /* Frameworks */,
				944156D01F2121CC00C139B9 /* Resources */,
				94BB31421F75B12600912D74 /* Embed Frameworks */,
			);
			buildRules = (
			);
			dependencies = (
			);
			name = RomPlayer;
			productName = SynthUISpike;
			productReference = 944156D21F2121CC00C139B9 /* RomPlayer.app */;
			productType = "com.apple.product-type.application";
		};
/* End PBXNativeTarget section */

/* Begin PBXProject section */
		944156CA1F2121CC00C139B9 /* Project object */ = {
			isa = PBXProject;
			attributes = {
				LastSwiftUpdateCheck = 0830;
				LastUpgradeCheck = 0900;
				ORGANIZATIONNAME = "Matthew Fecher";
				TargetAttributes = {
					944156D11F2121CC00C139B9 = {
						CreatedOnToolsVersion = 8.3.3;
						DevelopmentTeam = W5AEHZN66V;
						LastSwiftMigration = 0900;
						ProvisioningStyle = Automatic;
						SystemCapabilities = {
							com.apple.BackgroundModes = {
								enabled = 1;
							};
							com.apple.InterAppAudio = {
								enabled = 1;
							};
						};
					};
				};
			};
			buildConfigurationList = 944156CD1F2121CC00C139B9 /* Build configuration list for PBXProject "RomPlayer" */;
			compatibilityVersion = "Xcode 3.2";
			developmentRegion = English;
			hasScannedForEncodings = 0;
			knownRegions = (
				en,
				Base,
			);
			mainGroup = 944156C91F2121CC00C139B9;
			productRefGroup = 944156D31F2121CC00C139B9 /* Products */;
			projectDirPath = "";
			projectRoot = "";
			targets = (
				944156D11F2121CC00C139B9 /* RomPlayer */,
			);
		};
/* End PBXProject section */

/* Begin PBXResourcesBuildPhase section */
		944156D01F2121CC00C139B9 /* Resources */ = {
			isa = PBXResourcesBuildPhase;
			buildActionMask = 2147483647;
			files = (
				9466DA291F76F4BA00E8B0E9 /* Sounds in Resources */,
				944156DD1F2121CC00C139B9 /* Assets.xcassets in Resources */,
				944156DB1F2121CC00C139B9 /* Main.storyboard in Resources */,
			);
			runOnlyForDeploymentPostprocessing = 0;
		};
/* End PBXResourcesBuildPhase section */

/* Begin PBXSourcesBuildPhase section */
		944156CE1F2121CC00C139B9 /* Sources */ = {
			isa = PBXSourcesBuildPhase;
			buildActionMask = 2147483647;
			files = (
				947B45671F82D3D9009F2B7A /* FlatToggleStyleKit.swift in Sources */,
				947B457A1F82D3F1009F2B7A /* PopUpPresetController.swift in Sources */,
				940FC29D1FDCD5CC00131899 /* PingPongDelay.swift in Sources */,
				947B456D1F82D3D9009F2B7A /* SynthUIButton.swift in Sources */,
				94BAFC051F9D9039004212E1 /* MIDILearnable.swift in Sources */,
				947B45691F82D3D9009F2B7A /* LedToggleStyleKit.swift in Sources */,
				9431F6471F82CF52000A1718 /* Fatten.swift in Sources */,
				9431F63C1F82CF11000A1718 /* PresetCell.swift in Sources */,
				947B45651F82D3D6009F2B7A /* SynthKeyboard.swift in Sources */,
				949B28281F869FA100EFB0D4 /* TopUIButtonStyleKit.swift in Sources */,
				94C6CC2D1F840CFE0043BA5E /* ViewController+DisplayAlert.swift in Sources */,
				947B45721F82D3DD009F2B7A /* Knob.swift in Sources */,
				94BAFC011F9D9020004212E1 /* MIDIButton.swift in Sources */,
				94C6CC2F1F840FD20043BA5E /* TopUIButton.swift in Sources */,
				947B45711F82D3DD009F2B7A /* FlatKnobStyleKit.swift in Sources */,
				947B45771F82D3EA009F2B7A /* AboutViewController.swift in Sources */,
				947B45751F82D3DD009F2B7A /* KnobStyleKit2.swift in Sources */,
				94DC03591F9D634C006AFBDE /* PopUpMIDIController.swift in Sources */,
				947B45661F82D3D9009F2B7A /* ButtonStyleKit.swift in Sources */,
				947B456A1F82D3D9009F2B7A /* RadioButton.swift in Sources */,
				947B456B1F82D3D9009F2B7A /* Stepper.swift in Sources */,
				9431F6491F82CF52000A1718 /* FilterSection.swift in Sources */,
				947B456E1F82D3D9009F2B7A /* ToggleButton.swift in Sources */,
				947B456C1F82D3D9009F2B7A /* StepperStyleKit.swift in Sources */,
				947B45731F82D3DD009F2B7A /* Knob+Touches.swift in Sources */,
				947B45681F82D3D9009F2B7A /* LedButton.swift in Sources */,
				944156D61F2121CC00C139B9 /* AppDelegate.swift in Sources */,
				9431F64A1F82CF52000A1718 /* Conductor.swift in Sources */,
				943017941F23DE4600A302B2 /* Double+Extensions.swift in Sources */,
				949652841F86A68400F391E3 /* UrlButton.swift in Sources */,
				947B45791F82D3F1009F2B7A /* PopUpKeySettingsController.swift in Sources */,
				947B45701F82D3DD009F2B7A /* FlatKnob.swift in Sources */,
				94BAFC031F9D902D004212E1 /* MIDIKnob.swift in Sources */,
				947B45761F82D3EA009F2B7A /* AUMainController.swift in Sources */,
				947B45781F82D3EA009F2B7A /* ParentViewController.swift in Sources */,
				944F91081F7B03F300CB4A85 /* AutoPan.swift in Sources */,
			);
			runOnlyForDeploymentPostprocessing = 0;
		};
/* End PBXSourcesBuildPhase section */

/* Begin PBXVariantGroup section */
		944156D91F2121CC00C139B9 /* Main.storyboard */ = {
			isa = PBXVariantGroup;
			children = (
				944156DA1F2121CC00C139B9 /* Base */,
			);
			name = Main.storyboard;
			sourceTree = "<group>";
		};
/* End PBXVariantGroup section */

/* Begin XCBuildConfiguration section */
		944156E21F2121CC00C139B9 /* Debug */ = {
			isa = XCBuildConfiguration;
			buildSettings = {
				ALWAYS_SEARCH_USER_PATHS = NO;
				CLANG_ANALYZER_NONNULL = YES;
				CLANG_ANALYZER_NUMBER_OBJECT_CONVERSION = YES_AGGRESSIVE;
				CLANG_CXX_LANGUAGE_STANDARD = "gnu++0x";
				CLANG_CXX_LIBRARY = "libc++";
				CLANG_ENABLE_MODULES = YES;
				CLANG_ENABLE_OBJC_ARC = YES;
				CLANG_WARN_BLOCK_CAPTURE_AUTORELEASING = YES;
				CLANG_WARN_BOOL_CONVERSION = YES;
				CLANG_WARN_COMMA = YES;
				CLANG_WARN_CONSTANT_CONVERSION = YES;
				CLANG_WARN_DIRECT_OBJC_ISA_USAGE = YES_ERROR;
				CLANG_WARN_DOCUMENTATION_COMMENTS = YES;
				CLANG_WARN_EMPTY_BODY = YES;
				CLANG_WARN_ENUM_CONVERSION = YES;
				CLANG_WARN_INFINITE_RECURSION = YES;
				CLANG_WARN_INT_CONVERSION = YES;
				CLANG_WARN_NON_LITERAL_NULL_CONVERSION = YES;
				CLANG_WARN_OBJC_LITERAL_CONVERSION = YES;
				CLANG_WARN_OBJC_ROOT_CLASS = YES_ERROR;
				CLANG_WARN_RANGE_LOOP_ANALYSIS = YES;
				CLANG_WARN_STRICT_PROTOTYPES = YES;
				CLANG_WARN_SUSPICIOUS_MOVE = YES;
				CLANG_WARN_UNREACHABLE_CODE = YES;
				CLANG_WARN__DUPLICATE_METHOD_MATCH = YES;
				"CODE_SIGN_IDENTITY[sdk=iphoneos*]" = "iPhone Developer";
				COPY_PHASE_STRIP = NO;
				DEBUG_INFORMATION_FORMAT = dwarf;
				ENABLE_STRICT_OBJC_MSGSEND = YES;
				ENABLE_TESTABILITY = YES;
				GCC_C_LANGUAGE_STANDARD = gnu99;
				GCC_DYNAMIC_NO_PIC = NO;
				GCC_NO_COMMON_BLOCKS = YES;
				GCC_OPTIMIZATION_LEVEL = 0;
				GCC_PREPROCESSOR_DEFINITIONS = (
					"DEBUG=1",
					"$(inherited)",
				);
				GCC_WARN_64_TO_32_BIT_CONVERSION = YES;
				GCC_WARN_ABOUT_RETURN_TYPE = YES_ERROR;
				GCC_WARN_UNDECLARED_SELECTOR = YES;
				GCC_WARN_UNINITIALIZED_AUTOS = YES_AGGRESSIVE;
				GCC_WARN_UNUSED_FUNCTION = YES;
				GCC_WARN_UNUSED_VARIABLE = YES;
				IPHONEOS_DEPLOYMENT_TARGET = 10.3;
				MTL_ENABLE_DEBUG_INFO = YES;
				ONLY_ACTIVE_ARCH = YES;
				SDKROOT = iphoneos;
				SWIFT_ACTIVE_COMPILATION_CONDITIONS = DEBUG;
				SWIFT_OPTIMIZATION_LEVEL = "-Onone";
				TARGETED_DEVICE_FAMILY = "1,2";
			};
			name = Debug;
		};
		944156E31F2121CC00C139B9 /* Release */ = {
			isa = XCBuildConfiguration;
			buildSettings = {
				ALWAYS_SEARCH_USER_PATHS = NO;
				CLANG_ANALYZER_NONNULL = YES;
				CLANG_ANALYZER_NUMBER_OBJECT_CONVERSION = YES_AGGRESSIVE;
				CLANG_CXX_LANGUAGE_STANDARD = "gnu++0x";
				CLANG_CXX_LIBRARY = "libc++";
				CLANG_ENABLE_MODULES = YES;
				CLANG_ENABLE_OBJC_ARC = YES;
				CLANG_WARN_BLOCK_CAPTURE_AUTORELEASING = YES;
				CLANG_WARN_BOOL_CONVERSION = YES;
				CLANG_WARN_COMMA = YES;
				CLANG_WARN_CONSTANT_CONVERSION = YES;
				CLANG_WARN_DIRECT_OBJC_ISA_USAGE = YES_ERROR;
				CLANG_WARN_DOCUMENTATION_COMMENTS = YES;
				CLANG_WARN_EMPTY_BODY = YES;
				CLANG_WARN_ENUM_CONVERSION = YES;
				CLANG_WARN_INFINITE_RECURSION = YES;
				CLANG_WARN_INT_CONVERSION = YES;
				CLANG_WARN_NON_LITERAL_NULL_CONVERSION = YES;
				CLANG_WARN_OBJC_LITERAL_CONVERSION = YES;
				CLANG_WARN_OBJC_ROOT_CLASS = YES_ERROR;
				CLANG_WARN_RANGE_LOOP_ANALYSIS = YES;
				CLANG_WARN_STRICT_PROTOTYPES = YES;
				CLANG_WARN_SUSPICIOUS_MOVE = YES;
				CLANG_WARN_UNREACHABLE_CODE = YES;
				CLANG_WARN__DUPLICATE_METHOD_MATCH = YES;
				"CODE_SIGN_IDENTITY[sdk=iphoneos*]" = "iPhone Developer";
				COPY_PHASE_STRIP = NO;
				DEBUG_INFORMATION_FORMAT = "dwarf-with-dsym";
				ENABLE_NS_ASSERTIONS = NO;
				ENABLE_STRICT_OBJC_MSGSEND = YES;
				GCC_C_LANGUAGE_STANDARD = gnu99;
				GCC_NO_COMMON_BLOCKS = YES;
				GCC_WARN_64_TO_32_BIT_CONVERSION = YES;
				GCC_WARN_ABOUT_RETURN_TYPE = YES_ERROR;
				GCC_WARN_UNDECLARED_SELECTOR = YES;
				GCC_WARN_UNINITIALIZED_AUTOS = YES_AGGRESSIVE;
				GCC_WARN_UNUSED_FUNCTION = YES;
				GCC_WARN_UNUSED_VARIABLE = YES;
				IPHONEOS_DEPLOYMENT_TARGET = 10.3;
				MTL_ENABLE_DEBUG_INFO = NO;
				SDKROOT = iphoneos;
				SWIFT_OPTIMIZATION_LEVEL = "-Owholemodule";
				TARGETED_DEVICE_FAMILY = "1,2";
				VALIDATE_PRODUCT = YES;
			};
			name = Release;
		};
		944156E51F2121CC00C139B9 /* Debug */ = {
			isa = XCBuildConfiguration;
			buildSettings = {
				ALWAYS_EMBED_SWIFT_STANDARD_LIBRARIES = YES;
				ASSETCATALOG_COMPILER_APPICON_NAME = AppIcon;
				ASSETCATALOG_COMPILER_LAUNCHIMAGE_NAME = LaunchImage;
				CODE_SIGN_ENTITLEMENTS = RomPlayer/RomPlayer.entitlements;
				DEVELOPMENT_TEAM = W5AEHZN66V;
				FRAMEWORK_SEARCH_PATHS = (
					"$(inherited)",
					"\"$(SRCROOT)/../AudioKit/Frameworks/AudioKit-iOS\"",
				);
				INFOPLIST_FILE = RomPlayer/Info.plist;
				IPHONEOS_DEPLOYMENT_TARGET = 10.0;
				LD_RUNPATH_SEARCH_PATHS = "$(inherited) @executable_path/Frameworks";
				OTHER_LDFLAGS = "-lstdc++";
				PRODUCT_BUNDLE_IDENTIFIER = com.getdunne.romplayer;
				PRODUCT_NAME = "$(TARGET_NAME)";
				SWIFT_SWIFT3_OBJC_INFERENCE = Off;
				SWIFT_VERSION = 4.0;
				TARGETED_DEVICE_FAMILY = 2;
			};
			name = Debug;
		};
		944156E61F2121CC00C139B9 /* Release */ = {
			isa = XCBuildConfiguration;
			buildSettings = {
				ALWAYS_EMBED_SWIFT_STANDARD_LIBRARIES = YES;
				ASSETCATALOG_COMPILER_APPICON_NAME = AppIcon;
				ASSETCATALOG_COMPILER_LAUNCHIMAGE_NAME = LaunchImage;
				CODE_SIGN_ENTITLEMENTS = RomPlayer/RomPlayer.entitlements;
				DEVELOPMENT_TEAM = W5AEHZN66V;
				FRAMEWORK_SEARCH_PATHS = (
					"$(inherited)",
					"\"$(SRCROOT)/../AudioKit/Frameworks/AudioKit-iOS\"",
				);
				INFOPLIST_FILE = RomPlayer/Info.plist;
				IPHONEOS_DEPLOYMENT_TARGET = 10.0;
				LD_RUNPATH_SEARCH_PATHS = "$(inherited) @executable_path/Frameworks";
				OTHER_LDFLAGS = "-lstdc++";
				PRODUCT_BUNDLE_IDENTIFIER = com.getdunne.romplayer;
				PRODUCT_NAME = "$(TARGET_NAME)";
				SWIFT_SWIFT3_OBJC_INFERENCE = Off;
				SWIFT_VERSION = 4.0;
				TARGETED_DEVICE_FAMILY = 2;
			};
			name = Release;
		};
/* End XCBuildConfiguration section */

/* Begin XCConfigurationList section */
		944156CD1F2121CC00C139B9 /* Build configuration list for PBXProject "RomPlayer" */ = {
			isa = XCConfigurationList;
			buildConfigurations = (
				944156E21F2121CC00C139B9 /* Debug */,
				944156E31F2121CC00C139B9 /* Release */,
			);
			defaultConfigurationIsVisible = 0;
			defaultConfigurationName = Release;
		};
		944156E41F2121CC00C139B9 /* Build configuration list for PBXNativeTarget "RomPlayer" */ = {
			isa = XCConfigurationList;
			buildConfigurations = (
				944156E51F2121CC00C139B9 /* Debug */,
				944156E61F2121CC00C139B9 /* Release */,
			);
			defaultConfigurationIsVisible = 0;
			defaultConfigurationName = Release;
		};
/* End XCConfigurationList section */
	};
	rootObject = 944156CA1F2121CC00C139B9 /* Project object */;
}
